# THIS IS AN AUTOGENERATED FILE. DO NOT EDIT THIS FILE DIRECTLY.
# yarn lockfile v1


"@react-native-community/geolocation@^2.0.2":
  version "2.0.2"
  resolved "https://registry.yarnpkg.com/@react-native-community/geolocation/-/geolocation-2.0.2.tgz#ba8b40f560ead8d014740d1cdea970b33f19312e"
  integrity sha512-tTNXRCgnhJBu79mulQwzabXRpDqfh/uaDqfHVpvF0nX4NTpolpy6mvTRiFg7eWFPGRArsnZz1EYp6rHfJWGgEA==
